
Microsoft Visual Studio Solution File, Format Version 12.00
# Visual Studio 15
VisualStudioVersion = 15.0.28307.1209
MinimumVisualStudioVersion = 10.0.40219.1
Project("{FAE04EC0-301F-11D3-BF4B-00C04F79EFBC}") = "QuanLyQuanCafe", "QuanLyQuanCafe\QuanLyQuanCafe.csproj", "{06BD44E5-51FF-45ED-8E7F-29D5601CDDE2}"
EndProject
Global
	GlobalSection(SolutionConfigurationPlatforms) = preSolution
		Debug|Any CPU = Debug|Any CPU
		Release|Any CPU = Release|Any CPU
	EndGlobalSection
	GlobalSection(ProjectConfigurationPlatforms) = postSolution
		{06BD44E5-51FF-45ED-8E7F-29D5601CDDE2}.Debug|Any CPU.ActiveCfg = Debug|Any CPU
		{06BD44E5-51FF-45ED-8E7F-29D5601CDDE2}.Debug|Any CPU.Build.0 = Debug|Any CPU
		{06BD44E5-51FF-45ED-8E7F-29D5601CDDE2}.Release|Any CPU.ActiveCfg = Release|Any CPU
		{06BD44E5-51FF-45ED-8E7F-29D5601CDDE2}.Release|Any CPU.Build.0 = Release|Any CPU
	EndGlobalSection
	GlobalSection(SolutionProperties) = preSolution
		HideSolutionNode = FALSE
	EndGlobalSection
	GlobalSection(ExtensibilityGlobals) = postSolution
		SolutionGuid = {EB40C0A2-CD27-47BD-B0E7-A38915F8BA4D}
	EndGlobalSection
EndGlobal
